// !$*UTF8*$!
{
	archiveVersion = 1;
	classes = {
	};
	objectVersion = 55;
	objects = {

/* Begin PBXBuildFile section */
		7256AC8B27C92C4B00C7D7F7 /* AppDelegate.swift in Sources */ = {isa = PBXBuildFile; fileRef = 7256AC8A27C92C4B00C7D7F7 /* AppDelegate.swift */; };
		7256AC8D27C92C4B00C7D7F7 /* SceneDelegate.swift in Sources */ = {isa = PBXBuildFile; fileRef = 7256AC8C27C92C4B00C7D7F7 /* SceneDelegate.swift */; };
		7256AC8F27C92C4B00C7D7F7 /* MemesViewController.swift in Sources */ = {isa = PBXBuildFile; fileRef = 7256AC8E27C92C4B00C7D7F7 /* MemesViewController.swift */; };
		7256AC9427C92C4D00C7D7F7 /* Assets.xcassets in Resources */ = {isa = PBXBuildFile; fileRef = 7256AC9327C92C4D00C7D7F7 /* Assets.xcassets */; };
		7256AC9727C92C4D00C7D7F7 /* LaunchScreen.storyboard in Resources */ = {isa = PBXBuildFile; fileRef = 7256AC9527C92C4D00C7D7F7 /* LaunchScreen.storyboard */; };
		7256ACA127C9313A00C7D7F7 /* MemesInteractor.swift in Sources */ = {isa = PBXBuildFile; fileRef = 7256ACA027C9313A00C7D7F7 /* MemesInteractor.swift */; };
		7256ACA327C9314700C7D7F7 /* MemesPresenter.swift in Sources */ = {isa = PBXBuildFile; fileRef = 7256ACA227C9314700C7D7F7 /* MemesPresenter.swift */; };
		7256ACA527C9315400C7D7F7 /* APIWorker.swift in Sources */ = {isa = PBXBuildFile; fileRef = 7256ACA427C9315400C7D7F7 /* APIWorker.swift */; };
		7256ACA727C931DB00C7D7F7 /* Builder.swift in Sources */ = {isa = PBXBuildFile; fileRef = 7256ACA627C931DB00C7D7F7 /* Builder.swift */; };
		7256ACA927C939E000C7D7F7 /* PhotosModel.swift in Sources */ = {isa = PBXBuildFile; fileRef = 7256ACA827C939E000C7D7F7 /* PhotosModel.swift */; };
		7256ACAB27CB96D600C7D7F7 /* MemeCollectionViewCell.swift in Sources */ = {isa = PBXBuildFile; fileRef = 7256ACAA27CB96D600C7D7F7 /* MemeCollectionViewCell.swift */; };
		72DC17F227CBD62700E8AD4B /* SystemConfiguration.framework in Frameworks */ = {isa = PBXBuildFile; fileRef = 72DC17F127CBD62700E8AD4B /* SystemConfiguration.framework */; };
		72E846DB27CBE2A300D3F560 /* NetworkMonitor.swift in Sources */ = {isa = PBXBuildFile; fileRef = 72E846DA27CBE2A300D3F560 /* NetworkMonitor.swift */; };
		72FA593E27CBEA8A002D2A20 /* DetailMemeViewController.swift in Sources */ = {isa = PBXBuildFile; fileRef = 72FA593D27CBEA8A002D2A20 /* DetailMemeViewController.swift */; };
/* End PBXBuildFile section */

/* Begin PBXFileReference section */
		7256AC8727C92C4B00C7D7F7 /* PicsumGallery.app */ = {isa = PBXFileReference; explicitFileType = wrapper.application; includeInIndex = 0; path = PicsumGallery.app; sourceTree = BUILT_PRODUCTS_DIR; };
		7256AC8A27C92C4B00C7D7F7 /* AppDelegate.swift */ = {isa = PBXFileReference; lastKnownFileType = sourcecode.swift; path = AppDelegate.swift; sourceTree = "<group>"; };
		7256AC8C27C92C4B00C7D7F7 /* SceneDelegate.swift */ = {isa = PBXFileReference; lastKnownFileType = sourcecode.swift; path = SceneDelegate.swift; sourceTree = "<group>"; };
		7256AC8E27C92C4B00C7D7F7 /* MemesViewController.swift */ = {isa = PBXFileReference; lastKnownFileType = sourcecode.swift; path = MemesViewController.swift; sourceTree = "<group>"; };
		7256AC9327C92C4D00C7D7F7 /* Assets.xcassets */ = {isa = PBXFileReference; lastKnownFileType = folder.assetcatalog; path = Assets.xcassets; sourceTree = "<group>"; };
		7256AC9627C92C4D00C7D7F7 /* Base */ = {isa = PBXFileReference; lastKnownFileType = file.storyboard; name = Base; path = Base.lproj/LaunchScreen.storyboard; sourceTree = "<group>"; };
		7256AC9827C92C4D00C7D7F7 /* Info.plist */ = {isa = PBXFileReference; lastKnownFileType = text.plist.xml; path = Info.plist; sourceTree = "<group>"; };
		7256ACA027C9313A00C7D7F7 /* MemesInteractor.swift */ = {isa = PBXFileReference; lastKnownFileType = sourcecode.swift; path = MemesInteractor.swift; sourceTree = "<group>"; };
		7256ACA227C9314700C7D7F7 /* MemesPresenter.swift */ = {isa = PBXFileReference; lastKnownFileType = sourcecode.swift; path = MemesPresenter.swift; sourceTree = "<group>"; };
		7256ACA427C9315400C7D7F7 /* APIWorker.swift */ = {isa = PBXFileReference; lastKnownFileType = sourcecode.swift; path = APIWorker.swift; sourceTree = "<group>"; };
		7256ACA627C931DB00C7D7F7 /* Builder.swift */ = {isa = PBXFileReference; lastKnownFileType = sourcecode.swift; path = Builder.swift; sourceTree = "<group>"; };
		7256ACA827C939E000C7D7F7 /* PhotosModel.swift */ = {isa = PBXFileReference; lastKnownFileType = sourcecode.swift; path = PhotosModel.swift; sourceTree = "<group>"; };
		7256ACAA27CB96D600C7D7F7 /* MemeCollectionViewCell.swift */ = {isa = PBXFileReference; lastKnownFileType = sourcecode.swift; path = MemeCollectionViewCell.swift; sourceTree = "<group>"; };
		72DC17F127CBD62700E8AD4B /* SystemConfiguration.framework */ = {isa = PBXFileReference; lastKnownFileType = wrapper.framework; name = SystemConfiguration.framework; path = System/Library/Frameworks/SystemConfiguration.framework; sourceTree = SDKROOT; };
		72E846DA27CBE2A300D3F560 /* NetworkMonitor.swift */ = {isa = PBXFileReference; lastKnownFileType = sourcecode.swift; path = NetworkMonitor.swift; sourceTree = "<group>"; };
		72FA593D27CBEA8A002D2A20 /* DetailMemeViewController.swift */ = {isa = PBXFileReference; lastKnownFileType = sourcecode.swift; path = DetailMemeViewController.swift; sourceTree = "<group>"; };
/* End PBXFileReference section */

/* Begin PBXFrameworksBuildPhase section */
		7256AC8427C92C4B00C7D7F7 /* Frameworks */ = {
			isa = PBXFrameworksBuildPhase;
			buildActionMask = 2147483647;
			files = (
				72DC17F227CBD62700E8AD4B /* SystemConfiguration.framework in Frameworks */,
			);
			runOnlyForDeploymentPostprocessing = 0;
		};
/* End PBXFrameworksBuildPhase section */

/* Begin PBXGroup section */
		2C6284F7A587B157F9B9A4DF /* Frameworks */ = {
			isa = PBXGroup;
			children = (
				72DC17F127CBD62700E8AD4B /* SystemConfiguration.framework */,
			);
			name = Frameworks;
			sourceTree = "<group>";
		};
		7256AC7E27C92C4B00C7D7F7 = {
			isa = PBXGroup;
			children = (
				7256AC8927C92C4B00C7D7F7 /* PicsumGallery */,
				7256AC8827C92C4B00C7D7F7 /* Products */,
				2C6284F7A587B157F9B9A4DF /* Frameworks */,
			);
			sourceTree = "<group>";
		};
		7256AC8827C92C4B00C7D7F7 /* Products */ = {
			isa = PBXGroup;
			children = (
				7256AC8727C92C4B00C7D7F7 /* PicsumGallery.app */,
			);
			name = Products;
			sourceTree = "<group>";
		};
		7256AC8927C92C4B00C7D7F7 /* PicsumGallery */ = {
			isa = PBXGroup;
			children = (
				72FA593C27CBEA25002D2A20 /* Resources */,
				72FA593A27CBE9E5002D2A20 /* New Group */,
				72FA593827CBE948002D2A20 /* Common */,
				72FA593927CBE97E002D2A20 /* Meme */,
				7256AC9F27C9311900C7D7F7 /* MainScene */,
				7256AC9827C92C4D00C7D7F7 /* Info.plist */,
			);
			path = PicsumGallery;
			sourceTree = "<group>";
		};
		7256AC9F27C9311900C7D7F7 /* MainScene */ = {
			isa = PBXGroup;
			children = (
				7256AC8E27C92C4B00C7D7F7 /* MemesViewController.swift */,
				7256ACA027C9313A00C7D7F7 /* MemesInteractor.swift */,
				7256ACA227C9314700C7D7F7 /* MemesPresenter.swift */,
				72FA593D27CBEA8A002D2A20 /* DetailMemeViewController.swift */,
			);
			path = MainScene;
			sourceTree = "<group>";
		};
		72FA593827CBE948002D2A20 /* Common */ = {
			isa = PBXGroup;
			children = (
				7256ACA427C9315400C7D7F7 /* APIWorker.swift */,
				7256AC8A27C92C4B00C7D7F7 /* AppDelegate.swift */,
				7256ACA627C931DB00C7D7F7 /* Builder.swift */,
				72E846DA27CBE2A300D3F560 /* NetworkMonitor.swift */,
				7256AC8C27C92C4B00C7D7F7 /* SceneDelegate.swift */,
			);
			path = Common;
			sourceTree = "<group>";
		};
		72FA593927CBE97E002D2A20 /* Meme */ = {
			isa = PBXGroup;
			children = (
				7256ACAA27CB96D600C7D7F7 /* MemeCollectionViewCell.swift */,
				7256ACA827C939E000C7D7F7 /* PhotosModel.swift */,
			);
			path = Meme;
			sourceTree = "<group>";
		};
		72FA593A27CBE9E5002D2A20 /* New Group */ = {
			isa = PBXGroup;
			children = (
			);
			path = "New Group";
			sourceTree = "<group>";
		};
		72FA593C27CBEA25002D2A20 /* Resources */ = {
			isa = PBXGroup;
			children = (
				7256AC9527C92C4D00C7D7F7 /* LaunchScreen.storyboard */,
				7256AC9327C92C4D00C7D7F7 /* Assets.xcassets */,
			);
			path = Resources;
			sourceTree = "<group>";
		};
/* End PBXGroup section */

/* Begin PBXNativeTarget section */
		7256AC8627C92C4B00C7D7F7 /* PicsumGallery */ = {
			isa = PBXNativeTarget;
			buildConfigurationList = 7256AC9B27C92C4D00C7D7F7 /* Build configuration list for PBXNativeTarget "PicsumGallery" */;
			buildPhases = (
				7256AC8327C92C4B00C7D7F7 /* Sources */,
				7256AC8427C92C4B00C7D7F7 /* Frameworks */,
				7256AC8527C92C4B00C7D7F7 /* Resources */,
				72FA593727CBE8A5002D2A20 /* ShellScript */,
			);
			buildRules = (
			);
			dependencies = (
			);
			name = PicsumGallery;
			productName = PicsumGallery;
			productReference = 7256AC8727C92C4B00C7D7F7 /* PicsumGallery.app */;
			productType = "com.apple.product-type.application";
		};
/* End PBXNativeTarget section */

/* Begin PBXProject section */
		7256AC7F27C92C4B00C7D7F7 /* Project object */ = {
			isa = PBXProject;
			attributes = {
				BuildIndependentTargetsInParallel = 1;
				LastSwiftUpdateCheck = 1320;
				LastUpgradeCheck = 1320;
				TargetAttributes = {
					7256AC8627C92C4B00C7D7F7 = {
						CreatedOnToolsVersion = 13.2.1;
					};
				};
			};
			buildConfigurationList = 7256AC8227C92C4B00C7D7F7 /* Build configuration list for PBXProject "PicsumGallery" */;
			compatibilityVersion = "Xcode 13.0";
			developmentRegion = en;
			hasScannedForEncodings = 0;
			knownRegions = (
				en,
				Base,
			);
			mainGroup = 7256AC7E27C92C4B00C7D7F7;
			productRefGroup = 7256AC8827C92C4B00C7D7F7 /* Products */;
			projectDirPath = "";
			projectRoot = "";
			targets = (
				7256AC8627C92C4B00C7D7F7 /* PicsumGallery */,
			);
		};
/* End PBXProject section */

/* Begin PBXResourcesBuildPhase section */
		7256AC8527C92C4B00C7D7F7 /* Resources */ = {
			isa = PBXResourcesBuildPhase;
			buildActionMask = 2147483647;
			files = (
				7256AC9727C92C4D00C7D7F7 /* LaunchScreen.storyboard in Resources */,
				7256AC9427C92C4D00C7D7F7 /* Assets.xcassets in Resources */,
			);
			runOnlyForDeploymentPostprocessing = 0;
		};
/* End PBXResourcesBuildPhase section */

/* Begin PBXShellScriptBuildPhase section */
		72FA593727CBE8A5002D2A20 /* ShellScript */ = {
			isa = PBXShellScriptBuildPhase;
			buildActionMask = 2147483647;
			files = (
			);
			inputFileListPaths = (
			);
			inputPaths = (
			);
			outputFileListPaths = (
			);
			outputPaths = (
			);
			runOnlyForDeploymentPostprocessing = 0;
			shellPath = /bin/sh;
			shellScript = "export PATH=\"$PATH:/opt/homebrew/bin\"\n\nif which swiftlint >/dev/null; then\n  swiftlint\nelse\n  echo \"warning: SwiftLint not installed, download from https://github.com/realm/SwiftLint\"\nfi\n";
		};
/* End PBXShellScriptBuildPhase section */

/* Begin PBXSourcesBuildPhase section */
		7256AC8327C92C4B00C7D7F7 /* Sources */ = {
			isa = PBXSourcesBuildPhase;
			buildActionMask = 2147483647;
			files = (
				7256AC8F27C92C4B00C7D7F7 /* MemesViewController.swift in Sources */,
				7256ACA127C9313A00C7D7F7 /* MemesInteractor.swift in Sources */,
				7256ACA927C939E000C7D7F7 /* PhotosModel.swift in Sources */,
				7256ACAB27CB96D600C7D7F7 /* MemeCollectionViewCell.swift in Sources */,
				7256ACA727C931DB00C7D7F7 /* Builder.swift in Sources */,
				72FA593E27CBEA8A002D2A20 /* DetailMemeViewController.swift in Sources */,
				7256ACA327C9314700C7D7F7 /* MemesPresenter.swift in Sources */,
				7256AC8B27C92C4B00C7D7F7 /* AppDelegate.swift in Sources */,
				72E846DB27CBE2A300D3F560 /* NetworkMonitor.swift in Sources */,
				7256ACA527C9315400C7D7F7 /* APIWorker.swift in Sources */,
				7256AC8D27C92C4B00C7D7F7 /* SceneDelegate.swift in Sources */,
			);
			runOnlyForDeploymentPostprocessing = 0;
		};
/* End PBXSourcesBuildPhase section */

/* Begin PBXVariantGroup section */
		7256AC9527C92C4D00C7D7F7 /* LaunchScreen.storyboard */ = {
			isa = PBXVariantGroup;
			children = (
				7256AC9627C92C4D00C7D7F7 /* Base */,
			);
			name = LaunchScreen.storyboard;
			sourceTree = "<group>";
		};
/* End PBXVariantGroup section */

/* Begin XCBuildConfiguration section */
		7256AC9927C92C4D00C7D7F7 /* Debug */ = {
			isa = XCBuildConfiguration;
			buildSettings = {
				ALWAYS_SEARCH_USER_PATHS = NO;
				CLANG_ANALYZER_NONNULL = YES;
				CLANG_ANALYZER_NUMBER_OBJECT_CONVERSION = YES_AGGRESSIVE;
				CLANG_CXX_LANGUAGE_STANDARD = "gnu++17";
				CLANG_CXX_LIBRARY = "libc++";
				CLANG_ENABLE_MODULES = YES;
				CLANG_ENABLE_OBJC_ARC = YES;
				CLANG_ENABLE_OBJC_WEAK = YES;
				CLANG_WARN_BLOCK_CAPTURE_AUTORELEASING = YES;
				CLANG_WARN_BOOL_CONVERSION = YES;
				CLANG_WARN_COMMA = YES;
				CLANG_WARN_CONSTANT_CONVERSION = YES;
				CLANG_WARN_DEPRECATED_OBJC_IMPLEMENTATIONS = YES;
				CLANG_WARN_DIRECT_OBJC_ISA_USAGE = YES_ERROR;
				CLANG_WARN_DOCUMENTATION_COMMENTS = YES;
				CLANG_WARN_EMPTY_BODY = YES;
				CLANG_WARN_ENUM_CONVERSION = YES;
				CLANG_WARN_INFINITE_RECURSION = YES;
				CLANG_WARN_INT_CONVERSION = YES;
				CLANG_WARN_NON_LITERAL_NULL_CONVERSION = YES;
				CLANG_WARN_OBJC_IMPLICIT_RETAIN_SELF = YES;
				CLANG_WARN_OBJC_LITERAL_CONVERSION = YES;
				CLANG_WARN_OBJC_ROOT_CLASS = YES_ERROR;
				CLANG_WARN_QUOTED_INCLUDE_IN_FRAMEWORK_HEADER = YES;
				CLANG_WARN_RANGE_LOOP_ANALYSIS = YES;
				CLANG_WARN_STRICT_PROTOTYPES = YES;
				CLANG_WARN_SUSPICIOUS_MOVE = YES;
				CLANG_WARN_UNGUARDED_AVAILABILITY = YES_AGGRESSIVE;
				CLANG_WARN_UNREACHABLE_CODE = YES;
				CLANG_WARN__DUPLICATE_METHOD_MATCH = YES;
				COPY_PHASE_STRIP = NO;
				DEBUG_INFORMATION_FORMAT = dwarf;
				ENABLE_STRICT_OBJC_MSGSEND = YES;
				ENABLE_TESTABILITY = YES;
				GCC_C_LANGUAGE_STANDARD = gnu11;
				GCC_DYNAMIC_NO_PIC = NO;
				GCC_NO_COMMON_BLOCKS = YES;
				GCC_OPTIMIZATION_LEVEL = 0;
				GCC_PREPROCESSOR_DEFINITIONS = (
					"DEBUG=1",
					"$(inherited)",
				);
				GCC_WARN_64_TO_32_BIT_CONVERSION = YES;
				GCC_WARN_ABOUT_RETURN_TYPE = YES_ERROR;
				GCC_WARN_UNDECLARED_SELECTOR = YES;
				GCC_WARN_UNINITIALIZED_AUTOS = YES_AGGRESSIVE;
				GCC_WARN_UNUSED_FUNCTION = YES;
				GCC_WARN_UNUSED_VARIABLE = YES;
				IPHONEOS_DEPLOYMENT_TARGET = 11.0;
				MTL_ENABLE_DEBUG_INFO = INCLUDE_SOURCE;
				MTL_FAST_MATH = YES;
				ONLY_ACTIVE_ARCH = YES;
				SDKROOT = iphoneos;
				SWIFT_ACTIVE_COMPILATION_CONDITIONS = DEBUG;
				SWIFT_OPTIMIZATION_LEVEL = "-Onone";
			};
			name = Debug;
		};
		7256AC9A27C92C4D00C7D7F7 /* Release */ = {
			isa = XCBuildConfiguration;
			buildSettings = {
				ALWAYS_SEARCH_USER_PATHS = NO;
				CLANG_ANALYZER_NONNULL = YES;
				CLANG_ANALYZER_NUMBER_OBJECT_CONVERSION = YES_AGGRESSIVE;
				CLANG_CXX_LANGUAGE_STANDARD = "gnu++17";
				CLANG_CXX_LIBRARY = "libc++";
				CLANG_ENABLE_MODULES = YES;
				CLANG_ENABLE_OBJC_ARC = YES;
				CLANG_ENABLE_OBJC_WEAK = YES;
				CLANG_WARN_BLOCK_CAPTURE_AUTORELEASING = YES;
				CLANG_WARN_BOOL_CONVERSION = YES;
				CLANG_WARN_COMMA = YES;
				CLANG_WARN_CONSTANT_CONVERSION = YES;
				CLANG_WARN_DEPRECATED_OBJC_IMPLEMENTATIONS = YES;
				CLANG_WARN_DIRECT_OBJC_ISA_USAGE = YES_ERROR;
				CLANG_WARN_DOCUMENTATION_COMMENTS = YES;
				CLANG_WARN_EMPTY_BODY = YES;
				CLANG_WARN_ENUM_CONVERSION = YES;
				CLANG_WARN_INFINITE_RECURSION = YES;
				CLANG_WARN_INT_CONVERSION = YES;
				CLANG_WARN_NON_LITERAL_NULL_CONVERSION = YES;
				CLANG_WARN_OBJC_IMPLICIT_RETAIN_SELF = YES;
				CLANG_WARN_OBJC_LITERAL_CONVERSION = YES;
				CLANG_WARN_OBJC_ROOT_CLASS = YES_ERROR;
				CLANG_WARN_QUOTED_INCLUDE_IN_FRAMEWORK_HEADER = YES;
				CLANG_WARN_RANGE_LOOP_ANALYSIS = YES;
				CLANG_WARN_STRICT_PROTOTYPES = YES;
				CLANG_WARN_SUSPICIOUS_MOVE = YES;
				CLANG_WARN_UNGUARDED_AVAILABILITY = YES_AGGRESSIVE;
				CLANG_WARN_UNREACHABLE_CODE = YES;
				CLANG_WARN__DUPLICATE_METHOD_MATCH = YES;
				COPY_PHASE_STRIP = NO;
				DEBUG_INFORMATION_FORMAT = "dwarf-with-dsym";
				ENABLE_NS_ASSERTIONS = NO;
				ENABLE_STRICT_OBJC_MSGSEND = YES;
				GCC_C_LANGUAGE_STANDARD = gnu11;
				GCC_NO_COMMON_BLOCKS = YES;
				GCC_WARN_64_TO_32_BIT_CONVERSION = YES;
				GCC_WARN_ABOUT_RETURN_TYPE = YES_ERROR;
				GCC_WARN_UNDECLARED_SELECTOR = YES;
				GCC_WARN_UNINITIALIZED_AUTOS = YES_AGGRESSIVE;
				GCC_WARN_UNUSED_FUNCTION = YES;
				GCC_WARN_UNUSED_VARIABLE = YES;
				IPHONEOS_DEPLOYMENT_TARGET = 11.0;
				MTL_ENABLE_DEBUG_INFO = NO;
				MTL_FAST_MATH = YES;
				SDKROOT = iphoneos;
				SWIFT_COMPILATION_MODE = wholemodule;
				SWIFT_OPTIMIZATION_LEVEL = "-O";
				VALIDATE_PRODUCT = YES;
			};
			name = Release;
		};
		7256AC9C27C92C4D00C7D7F7 /* Debug */ = {
			isa = XCBuildConfiguration;
			buildSettings = {
				ASSETCATALOG_COMPILER_APPICON_NAME = AppIcon;
				ASSETCATALOG_COMPILER_GLOBAL_ACCENT_COLOR_NAME = AccentColor;
				CODE_SIGN_STYLE = Automatic;
				CURRENT_PROJECT_VERSION = 1;
				DEVELOPMENT_TEAM = P99KL2FGYB;
				GENERATE_INFOPLIST_FILE = YES;
				INFOPLIST_FILE = PicsumGallery/Info.plist;
				INFOPLIST_KEY_UIApplicationSupportsIndirectInputEvents = YES;
				INFOPLIST_KEY_UILaunchStoryboardName = LaunchScreen;
				INFOPLIST_KEY_UISupportedInterfaceOrientations_iPad = "UIInterfaceOrientationPortrait UIInterfaceOrientationPortraitUpsideDown UIInterfaceOrientationLandscapeLeft UIInterfaceOrientationLandscapeRight";
				INFOPLIST_KEY_UISupportedInterfaceOrientations_iPhone = "UIInterfaceOrientationPortrait UIInterfaceOrientationLandscapeLeft UIInterfaceOrientationLandscapeRight";
				IPHONEOS_DEPLOYMENT_TARGET = 11.0;
				LD_RUNPATH_SEARCH_PATHS = (
					"$(inherited)",
					"@executable_path/Frameworks",
				);
				MARKETING_VERSION = 1.0;
				PRODUCT_BUNDLE_IDENTIFIER = com.styleru.PicsumGallery;
				PRODUCT_NAME = "$(TARGET_NAME)";
				SWIFT_EMIT_LOC_STRINGS = YES;
				SWIFT_VERSION = 5.0;
				TARGETED_DEVICE_FAMILY = 1;
			};
			name = Debug;
		};
		7256AC9D27C92C4D00C7D7F7 /* Release */ = {
			isa = XCBuildConfiguration;
			buildSettings = {
				ASSETCATALOG_COMPILER_APPICON_NAME = AppIcon;
				ASSETCATALOG_COMPILER_GLOBAL_ACCENT_COLOR_NAME = AccentColor;
				CODE_SIGN_STYLE = Automatic;
				CURRENT_PROJECT_VERSION = 1;
				DEVELOPMENT_TEAM = P99KL2FGYB;
				GENERATE_INFOPLIST_FILE = YES;
				INFOPLIST_FILE = PicsumGallery/Info.plist;
				INFOPLIST_KEY_UIApplicationSupportsIndirectInputEvents = YES;
				INFOPLIST_KEY_UILaunchStoryboardName = LaunchScreen;
				INFOPLIST_KEY_UISupportedInterfaceOrientations_iPad = "UIInterfaceOrientationPortrait UIInterfaceOrientationPortraitUpsideDown UIInterfaceOrientationLandscapeLeft UIInterfaceOrientationLandscapeRight";
				INFOPLIST_KEY_UISupportedInterfaceOrientations_iPhone = "UIInterfaceOrientationPortrait UIInterfaceOrientationLandscapeLeft UIInterfaceOrientationLandscapeRight";
				IPHONEOS_DEPLOYMENT_TARGET = 11.0;
				LD_RUNPATH_SEARCH_PATHS = (
					"$(inherited)",
					"@executable_path/Frameworks",
				);
				MARKETING_VERSION = 1.0;
				PRODUCT_BUNDLE_IDENTIFIER = com.styleru.PicsumGallery;
				PRODUCT_NAME = "$(TARGET_NAME)";
				SWIFT_EMIT_LOC_STRINGS = YES;
				SWIFT_VERSION = 5.0;
				TARGETED_DEVICE_FAMILY = 1;
			};
			name = Release;
		};
/* End XCBuildConfiguration section */

/* Begin XCConfigurationList section */
		7256AC8227C92C4B00C7D7F7 /* Build configuration list for PBXProject "PicsumGallery" */ = {
			isa = XCConfigurationList;
			buildConfigurations = (
				7256AC9927C92C4D00C7D7F7 /* Debug */,
				7256AC9A27C92C4D00C7D7F7 /* Release */,
			);
			defaultConfigurationIsVisible = 0;
			defaultConfigurationName = Release;
		};
		7256AC9B27C92C4D00C7D7F7 /* Build configuration list for PBXNativeTarget "PicsumGallery" */ = {
			isa = XCConfigurationList;
			buildConfigurations = (
				7256AC9C27C92C4D00C7D7F7 /* Debug */,
				7256AC9D27C92C4D00C7D7F7 /* Release */,
			);
			defaultConfigurationIsVisible = 0;
			defaultConfigurationName = Release;
		};
/* End XCConfigurationList section */
	};
	rootObject = 7256AC7F27C92C4B00C7D7F7 /* Project object */;
}
